
Microsoft Visual Studio Solution File, Format Version 12.00
# Visual Studio Version 17
VisualStudioVersion = 17.0.31903.59
MinimumVisualStudioVersion = 10.0.40219.1
Project("{FAE04EC0-301F-11D3-BF4B-00C04F79EFBC}") = "Esercitazione-2", "Esercitazione-2\Esercitazione-2.csproj", "{6055619A-D0D7-484A-A449-2AD085502BA3}"
EndProject
Project("{FAE04EC0-301F-11D3-BF4B-00C04F79EFBC}") = "Esercitazione-4", "Esercitazione-4\Esercitazione-4.csproj", "{F20BE357-7101-4D1C-9355-764C6FAE0DC1}"
EndProject
Project("{FAE04EC0-301F-11D3-BF4B-00C04F79EFBC}") = "Esercitazione-6", "Esercitazione-6\Esercitazione-6.csproj", "{5EBCD3BC-E54C-4B14-9188-786DFEB46CD7}"
EndProject
Global
	GlobalSection(SolutionConfigurationPlatforms) = preSolution
		Debug|Any CPU = Debug|Any CPU
		Release|Any CPU = Release|Any CPU
	EndGlobalSection
	GlobalSection(SolutionProperties) = preSolution
		HideSolutionNode = FALSE
	EndGlobalSection
	GlobalSection(ProjectConfigurationPlatforms) = postSolution
		{6055619A-D0D7-484A-A449-2AD085502BA3}.Debug|Any CPU.ActiveCfg = Debug|Any CPU
		{6055619A-D0D7-484A-A449-2AD085502BA3}.Debug|Any CPU.Build.0 = Debug|Any CPU
		{6055619A-D0D7-484A-A449-2AD085502BA3}.Release|Any CPU.ActiveCfg = Release|Any CPU
		{6055619A-D0D7-484A-A449-2AD085502BA3}.Release|Any CPU.Build.0 = Release|Any CPU
		{F20BE357-7101-4D1C-9355-764C6FAE0DC1}.Debug|Any CPU.ActiveCfg = Debug|Any CPU
		{F20BE357-7101-4D1C-9355-764C6FAE0DC1}.Debug|Any CPU.Build.0 = Debug|Any CPU
		{F20BE357-7101-4D1C-9355-764C6FAE0DC1}.Release|Any CPU.ActiveCfg = Release|Any CPU
		{F20BE357-7101-4D1C-9355-764C6FAE0DC1}.Release|Any CPU.Build.0 = Release|Any CPU
		{5EBCD3BC-E54C-4B14-9188-786DFEB46CD7}.Debug|Any CPU.ActiveCfg = Debug|Any CPU
		{5EBCD3BC-E54C-4B14-9188-786DFEB46CD7}.Debug|Any CPU.Build.0 = Debug|Any CPU
		{5EBCD3BC-E54C-4B14-9188-786DFEB46CD7}.Release|Any CPU.ActiveCfg = Release|Any CPU
		{5EBCD3BC-E54C-4B14-9188-786DFEB46CD7}.Release|Any CPU.Build.0 = Release|Any CPU
	EndGlobalSection
EndGlobal
